// !$*UTF8*$!
{
	archiveVersion = 1;
	classes = {
	};
	objectVersion = 50;
	objects = {

/* Begin PBXBuildFile section */
		465400C5223DD2F70025F68D /* SwiftTerms.json in Resources */ = {isa = PBXBuildFile; fileRef = 465400C4223DD2F70025F68D /* SwiftTerms.json */; };
		465400C7223DD5D90025F68D /* SwiftTerm.swift in Sources */ = {isa = PBXBuildFile; fileRef = 465400C6223DD5D90025F68D /* SwiftTerm.swift */; };
		465400CB223DD9A30025F68D /* DetailViewController.swift in Sources */ = {isa = PBXBuildFile; fileRef = 465400CA223DD9A30025F68D /* DetailViewController.swift */; };
		46DCD875223DCF7300062308 /* AppDelegate.swift in Sources */ = {isa = PBXBuildFile; fileRef = 46DCD874223DCF7300062308 /* AppDelegate.swift */; };
		46DCD877223DCF7300062308 /* ViewController.swift in Sources */ = {isa = PBXBuildFile; fileRef = 46DCD876223DCF7300062308 /* ViewController.swift */; };
		46DCD87A223DCF7300062308 /* Main.storyboard in Resources */ = {isa = PBXBuildFile; fileRef = 46DCD878223DCF7300062308 /* Main.storyboard */; };
		46DCD87C223DCF7400062308 /* Assets.xcassets in Resources */ = {isa = PBXBuildFile; fileRef = 46DCD87B223DCF7400062308 /* Assets.xcassets */; };
		46DCD87F223DCF7400062308 /* LaunchScreen.storyboard in Resources */ = {isa = PBXBuildFile; fileRef = 46DCD87D223DCF7400062308 /* LaunchScreen.storyboard */; };
/* End PBXBuildFile section */

/* Begin PBXFileReference section */
		465400C4223DD2F70025F68D /* SwiftTerms.json */ = {isa = PBXFileReference; fileEncoding = 4; lastKnownFileType = text.json; path = SwiftTerms.json; sourceTree = "<group>"; };
		465400C6223DD5D90025F68D /* SwiftTerm.swift */ = {isa = PBXFileReference; lastKnownFileType = sourcecode.swift; path = SwiftTerm.swift; sourceTree = "<group>"; };
		465400CA223DD9A30025F68D /* DetailViewController.swift */ = {isa = PBXFileReference; lastKnownFileType = sourcecode.swift; path = DetailViewController.swift; sourceTree = "<group>"; };
		46DCD871223DCF7300062308 /* MemorizeSwift.app */ = {isa = PBXFileReference; explicitFileType = wrapper.application; includeInIndex = 0; path = MemorizeSwift.app; sourceTree = BUILT_PRODUCTS_DIR; };
		46DCD874223DCF7300062308 /* AppDelegate.swift */ = {isa = PBXFileReference; lastKnownFileType = sourcecode.swift; path = AppDelegate.swift; sourceTree = "<group>"; };
		46DCD876223DCF7300062308 /* ViewController.swift */ = {isa = PBXFileReference; lastKnownFileType = sourcecode.swift; path = ViewController.swift; sourceTree = "<group>"; };
		46DCD879223DCF7300062308 /* Base */ = {isa = PBXFileReference; lastKnownFileType = file.storyboard; name = Base; path = Base.lproj/Main.storyboard; sourceTree = "<group>"; };
		46DCD87B223DCF7400062308 /* Assets.xcassets */ = {isa = PBXFileReference; lastKnownFileType = folder.assetcatalog; path = Assets.xcassets; sourceTree = "<group>"; };
		46DCD87E223DCF7400062308 /* Base */ = {isa = PBXFileReference; lastKnownFileType = file.storyboard; name = Base; path = Base.lproj/LaunchScreen.storyboard; sourceTree = "<group>"; };
		46DCD880223DCF7400062308 /* Info.plist */ = {isa = PBXFileReference; lastKnownFileType = text.plist.xml; path = Info.plist; sourceTree = "<group>"; };
/* End PBXFileReference section */

/* Begin PBXFrameworksBuildPhase section */
		46DCD86E223DCF7300062308 /* Frameworks */ = {
			isa = PBXFrameworksBuildPhase;
			buildActionMask = 2147483647;
			files = (
			);
			runOnlyForDeploymentPostprocessing = 0;
		};
/* End PBXFrameworksBuildPhase section */

/* Begin PBXGroup section */
		46DCD868223DCF7300062308 = {
			isa = PBXGroup;
			children = (
				46DCD873223DCF7300062308 /* MemorizeSwift */,
				46DCD872223DCF7300062308 /* Products */,
			);
			sourceTree = "<group>";
		};
		46DCD872223DCF7300062308 /* Products */ = {
			isa = PBXGroup;
			children = (
				46DCD871223DCF7300062308 /* MemorizeSwift.app */,
			);
			name = Products;
			sourceTree = "<group>";
		};
		46DCD873223DCF7300062308 /* MemorizeSwift */ = {
			isa = PBXGroup;
			children = (
				46DCD874223DCF7300062308 /* AppDelegate.swift */,
				46DCD876223DCF7300062308 /* ViewController.swift */,
				465400CA223DD9A30025F68D /* DetailViewController.swift */,
				46DCD878223DCF7300062308 /* Main.storyboard */,
				46DCD87B223DCF7400062308 /* Assets.xcassets */,
				465400C6223DD5D90025F68D /* SwiftTerm.swift */,
				46DCD87D223DCF7400062308 /* LaunchScreen.storyboard */,
				46DCD880223DCF7400062308 /* Info.plist */,
				465400C4223DD2F70025F68D /* SwiftTerms.json */,
			);
			path = MemorizeSwift;
			sourceTree = "<group>";
		};
/* End PBXGroup section */

/* Begin PBXNativeTarget section */
		46DCD870223DCF7300062308 /* MemorizeSwift */ = {
			isa = PBXNativeTarget;
			buildConfigurationList = 46DCD883223DCF7400062308 /* Build configuration list for PBXNativeTarget "MemorizeSwift" */;
			buildPhases = (
				46DCD86D223DCF7300062308 /* Sources */,
				46DCD86E223DCF7300062308 /* Frameworks */,
				46DCD86F223DCF7300062308 /* Resources */,
			);
			buildRules = (
			);
			dependencies = (
			);
			name = MemorizeSwift;
			productName = MemorizeSwift;
			productReference = 46DCD871223DCF7300062308 /* MemorizeSwift.app */;
			productType = "com.apple.product-type.application";
		};
/* End PBXNativeTarget section */

/* Begin PBXProject section */
		46DCD869223DCF7300062308 /* Project object */ = {
			isa = PBXProject;
			attributes = {
				LastSwiftUpdateCheck = 1010;
				LastUpgradeCheck = 1010;
				ORGANIZATIONNAME = "Leandro Rocha";
				TargetAttributes = {
					46DCD870223DCF7300062308 = {
						CreatedOnToolsVersion = 10.1;
					};
				};
			};
			buildConfigurationList = 46DCD86C223DCF7300062308 /* Build configuration list for PBXProject "MemorizeSwift" */;
			compatibilityVersion = "Xcode 9.3";
			developmentRegion = en;
			hasScannedForEncodings = 0;
			knownRegions = (
				en,
				Base,
			);
			mainGroup = 46DCD868223DCF7300062308;
			productRefGroup = 46DCD872223DCF7300062308 /* Products */;
			projectDirPath = "";
			projectRoot = "";
			targets = (
				46DCD870223DCF7300062308 /* MemorizeSwift */,
			);
		};
/* End PBXProject section */

/* Begin PBXResourcesBuildPhase section */
		46DCD86F223DCF7300062308 /* Resources */ = {
			isa = PBXResourcesBuildPhase;
			buildActionMask = 2147483647;
			files = (
				46DCD87F223DCF7400062308 /* LaunchScreen.storyboard in Resources */,
				46DCD87C223DCF7400062308 /* Assets.xcassets in Resources */,
				46DCD87A223DCF7300062308 /* Main.storyboard in Resources */,
				465400C5223DD2F70025F68D /* SwiftTerms.json in Resources */,
			);
			runOnlyForDeploymentPostprocessing = 0;
		};
/* End PBXResourcesBuildPhase section */

/* Begin PBXSourcesBuildPhase section */
		46DCD86D223DCF7300062308 /* Sources */ = {
			isa = PBXSourcesBuildPhase;
			buildActionMask = 2147483647;
			files = (
				46DCD877223DCF7300062308 /* ViewController.swift in Sources */,
				46DCD875223DCF7300062308 /* AppDelegate.swift in Sources */,
				465400C7223DD5D90025F68D /* SwiftTerm.swift in Sources */,
				465400CB223DD9A30025F68D /* DetailViewController.swift in Sources */,
			);
			runOnlyForDeploymentPostprocessing = 0;
		};
/* End PBXSourcesBuildPhase section */

/* Begin PBXVariantGroup section */
		46DCD878223DCF7300062308 /* Main.storyboard */ = {
			isa = PBXVariantGroup;
			children = (
				46DCD879223DCF7300062308 /* Base */,
			);
			name = Main.storyboard;
			sourceTree = "<group>";
		};
		46DCD87D223DCF7400062308 /* LaunchScreen.storyboard */ = {
			isa = PBXVariantGroup;
			children = (
				46DCD87E223DCF7400062308 /* Base */,
			);
			name = LaunchScreen.storyboard;
			sourceTree = "<group>";
		};
/* End PBXVariantGroup section */

/* Begin XCBuildConfiguration section */
		46DCD881223DCF7400062308 /* Debug */ = {
			isa = XCBuildConfiguration;
			buildSettings = {
				ALWAYS_SEARCH_USER_PATHS = NO;
				CLANG_ANALYZER_NONNULL = YES;
				CLANG_ANALYZER_NUMBER_OBJECT_CONVERSION = YES_AGGRESSIVE;
				CLANG_CXX_LANGUAGE_STANDARD = "gnu++14";
				CLANG_CXX_LIBRARY = "libc++";
				CLANG_ENABLE_MODULES = YES;
				CLANG_ENABLE_OBJC_ARC = YES;
				CLANG_ENABLE_OBJC_WEAK = YES;
				CLANG_WARN_BLOCK_CAPTURE_AUTORELEASING = YES;
				CLANG_WARN_BOOL_CONVERSION = YES;
				CLANG_WARN_COMMA = YES;
				CLANG_WARN_CONSTANT_CONVERSION = YES;
				CLANG_WARN_DEPRECATED_OBJC_IMPLEMENTATIONS = YES;
				CLANG_WARN_DIRECT_OBJC_ISA_USAGE = YES_ERROR;
				CLANG_WARN_DOCUMENTATION_COMMENTS = YES;
				CLANG_WARN_EMPTY_BODY = YES;
				CLANG_WARN_ENUM_CONVERSION = YES;
				CLANG_WARN_INFINITE_RECURSION = YES;
				CLANG_WARN_INT_CONVERSION = YES;
				CLANG_WARN_NON_LITERAL_NULL_CONVERSION = YES;
				CLANG_WARN_OBJC_IMPLICIT_RETAIN_SELF = YES;
				CLANG_WARN_OBJC_LITERAL_CONVERSION = YES;
				CLANG_WARN_OBJC_ROOT_CLASS = YES_ERROR;
				CLANG_WARN_RANGE_LOOP_ANALYSIS = YES;
				CLANG_WARN_STRICT_PROTOTYPES = YES;
				CLANG_WARN_SUSPICIOUS_MOVE = YES;
				CLANG_WARN_UNGUARDED_AVAILABILITY = YES_AGGRESSIVE;
				CLANG_WARN_UNREACHABLE_CODE = YES;
				CLANG_WARN__DUPLICATE_METHOD_MATCH = YES;
				CODE_SIGN_IDENTITY = "iPhone Developer";
				COPY_PHASE_STRIP = NO;
				DEBUG_INFORMATION_FORMAT = dwarf;
				ENABLE_STRICT_OBJC_MSGSEND = YES;
				ENABLE_TESTABILITY = YES;
				GCC_C_LANGUAGE_STANDARD = gnu11;
				GCC_DYNAMIC_NO_PIC = NO;
				GCC_NO_COMMON_BLOCKS = YES;
				GCC_OPTIMIZATION_LEVEL = 0;
				GCC_PREPROCESSOR_DEFINITIONS = (
					"DEBUG=1",
					"$(inherited)",
				);
				GCC_WARN_64_TO_32_BIT_CONVERSION = YES;
				GCC_WARN_ABOUT_RETURN_TYPE = YES_ERROR;
				GCC_WARN_UNDECLARED_SELECTOR = YES;
				GCC_WARN_UNINITIALIZED_AUTOS = YES_AGGRESSIVE;
				GCC_WARN_UNUSED_FUNCTION = YES;
				GCC_WARN_UNUSED_VARIABLE = YES;
				IPHONEOS_DEPLOYMENT_TARGET = 12.1;
				MTL_ENABLE_DEBUG_INFO = INCLUDE_SOURCE;
				MTL_FAST_MATH = YES;
				ONLY_ACTIVE_ARCH = YES;
				SDKROOT = iphoneos;
				SWIFT_ACTIVE_COMPILATION_CONDITIONS = DEBUG;
				SWIFT_OPTIMIZATION_LEVEL = "-Onone";
			};
			name = Debug;
		};
		46DCD882223DCF7400062308 /* Release */ = {
			isa = XCBuildConfiguration;
			buildSettings = {
				ALWAYS_SEARCH_USER_PATHS = NO;
				CLANG_ANALYZER_NONNULL = YES;
				CLANG_ANALYZER_NUMBER_OBJECT_CONVERSION = YES_AGGRESSIVE;
				CLANG_CXX_LANGUAGE_STANDARD = "gnu++14";
				CLANG_CXX_LIBRARY = "libc++";
				CLANG_ENABLE_MODULES = YES;
				CLANG_ENABLE_OBJC_ARC = YES;
				CLANG_ENABLE_OBJC_WEAK = YES;
				CLANG_WARN_BLOCK_CAPTURE_AUTORELEASING = YES;
				CLANG_WARN_BOOL_CONVERSION = YES;
				CLANG_WARN_COMMA = YES;
				CLANG_WARN_CONSTANT_CONVERSION = YES;
				CLANG_WARN_DEPRECATED_OBJC_IMPLEMENTATIONS = YES;
				CLANG_WARN_DIRECT_OBJC_ISA_USAGE = YES_ERROR;
				CLANG_WARN_DOCUMENTATION_COMMENTS = YES;
				CLANG_WARN_EMPTY_BODY = YES;
				CLANG_WARN_ENUM_CONVERSION = YES;
				CLANG_WARN_INFINITE_RECURSION = YES;
				CLANG_WARN_INT_CONVERSION = YES;
				CLANG_WARN_NON_LITERAL_NULL_CONVERSION = YES;
				CLANG_WARN_OBJC_IMPLICIT_RETAIN_SELF = YES;
				CLANG_WARN_OBJC_LITERAL_CONVERSION = YES;
				CLANG_WARN_OBJC_ROOT_CLASS = YES_ERROR;
				CLANG_WARN_RANGE_LOOP_ANALYSIS = YES;
				CLANG_WARN_STRICT_PROTOTYPES = YES;
				CLANG_WARN_SUSPICIOUS_MOVE = YES;
				CLANG_WARN_UNGUARDED_AVAILABILITY = YES_AGGRESSIVE;
				CLANG_WARN_UNREACHABLE_CODE = YES;
				CLANG_WARN__DUPLICATE_METHOD_MATCH = YES;
				CODE_SIGN_IDENTITY = "iPhone Developer";
				COPY_PHASE_STRIP = NO;
				DEBUG_INFORMATION_FORMAT = "dwarf-with-dsym";
				ENABLE_NS_ASSERTIONS = NO;
				ENABLE_STRICT_OBJC_MSGSEND = YES;
				GCC_C_LANGUAGE_STANDARD = gnu11;
				GCC_NO_COMMON_BLOCKS = YES;
				GCC_WARN_64_TO_32_BIT_CONVERSION = YES;
				GCC_WARN_ABOUT_RETURN_TYPE = YES_ERROR;
				GCC_WARN_UNDECLARED_SELECTOR = YES;
				GCC_WARN_UNINITIALIZED_AUTOS = YES_AGGRESSIVE;
				GCC_WARN_UNUSED_FUNCTION = YES;
				GCC_WARN_UNUSED_VARIABLE = YES;
				IPHONEOS_DEPLOYMENT_TARGET = 12.1;
				MTL_ENABLE_DEBUG_INFO = NO;
				MTL_FAST_MATH = YES;
				SDKROOT = iphoneos;
				SWIFT_COMPILATION_MODE = wholemodule;
				SWIFT_OPTIMIZATION_LEVEL = "-O";
				VALIDATE_PRODUCT = YES;
			};
			name = Release;
		};
		46DCD884223DCF7400062308 /* Debug */ = {
			isa = XCBuildConfiguration;
			buildSettings = {
				ASSETCATALOG_COMPILER_APPICON_NAME = AppIcon;
				CODE_SIGN_STYLE = Automatic;
				INFOPLIST_FILE = MemorizeSwift/Info.plist;
				LD_RUNPATH_SEARCH_PATHS = (
					"$(inherited)",
					"@executable_path/Frameworks",
				);
				PRODUCT_BUNDLE_IDENTIFIER = com.ljrocha.MemorizeSwift;
				PRODUCT_NAME = "$(TARGET_NAME)";
				SWIFT_VERSION = 4.2;
				TARGETED_DEVICE_FAMILY = "1,2";
			};
			name = Debug;
		};
		46DCD885223DCF7400062308 /* Release */ = {
			isa = XCBuildConfiguration;
			buildSettings = {
				ASSETCATALOG_COMPILER_APPICON_NAME = AppIcon;
				CODE_SIGN_STYLE = Automatic;
				INFOPLIST_FILE = MemorizeSwift/Info.plist;
				LD_RUNPATH_SEARCH_PATHS = (
					"$(inherited)",
					"@executable_path/Frameworks",
				);
				PRODUCT_BUNDLE_IDENTIFIER = com.ljrocha.MemorizeSwift;
				PRODUCT_NAME = "$(TARGET_NAME)";
				SWIFT_VERSION = 4.2;
				TARGETED_DEVICE_FAMILY = "1,2";
			};
			name = Release;
		};
/* End XCBuildConfiguration section */

/* Begin XCConfigurationList section */
		46DCD86C223DCF7300062308 /* Build configuration list for PBXProject "MemorizeSwift" */ = {
			isa = XCConfigurationList;
			buildConfigurations = (
				46DCD881223DCF7400062308 /* Debug */,
				46DCD882223DCF7400062308 /* Release */,
			);
			defaultConfigurationIsVisible = 0;
			defaultConfigurationName = Release;
		};
		46DCD883223DCF7400062308 /* Build configuration list for PBXNativeTarget "MemorizeSwift" */ = {
			isa = XCConfigurationList;
			buildConfigurations = (
				46DCD884223DCF7400062308 /* Debug */,
				46DCD885223DCF7400062308 /* Release */,
			);
			defaultConfigurationIsVisible = 0;
			defaultConfigurationName = Release;
		};
/* End XCConfigurationList section */
	};
	rootObject = 46DCD869223DCF7300062308 /* Project object */;
}
